// !$*UTF8*$!
{
	archiveVersion = 1;
	classes = {
	};
	objectVersion = 50;
	objects = {

/* Begin PBXBuildFile section */
		BD523FEB20AD5C1E0041729C /* LibraryList.json in Resources */ = {isa = PBXBuildFile; fileRef = BD523FEA20AD5C1E0041729C /* LibraryList.json */; };
		BD523FF520AD602E0041729C /* ViewModel.swift in Sources */ = {isa = PBXBuildFile; fileRef = BD523FF420AD602E0041729C /* ViewModel.swift */; };
		BD523FF720AD61530041729C /* Library.swift in Sources */ = {isa = PBXBuildFile; fileRef = BD523FF620AD61530041729C /* Library.swift */; };
		DF35672120B1DE730068E3D0 /* TableHeaderView.xib in Resources */ = {isa = PBXBuildFile; fileRef = DF35672020B1DE730068E3D0 /* TableHeaderView.xib */; };
		DF35672320B1DECB0068E3D0 /* TableHeaderView.swift in Sources */ = {isa = PBXBuildFile; fileRef = DF35672220B1DECB0068E3D0 /* TableHeaderView.swift */; };
		DFDCB25120ACA4CC00C83082 /* AppDelegate.swift in Sources */ = {isa = PBXBuildFile; fileRef = DFDCB25020ACA4CC00C83082 /* AppDelegate.swift */; };
		DFDCB25320ACA4CC00C83082 /* ViewController.swift in Sources */ = {isa = PBXBuildFile; fileRef = DFDCB25220ACA4CC00C83082 /* ViewController.swift */; };
		DFDCB25620ACA4CC00C83082 /* Main.storyboard in Resources */ = {isa = PBXBuildFile; fileRef = DFDCB25420ACA4CC00C83082 /* Main.storyboard */; };
		DFDCB25820ACA4CE00C83082 /* Assets.xcassets in Resources */ = {isa = PBXBuildFile; fileRef = DFDCB25720ACA4CE00C83082 /* Assets.xcassets */; };
		DFDCB25B20ACA4CE00C83082 /* LaunchScreen.storyboard in Resources */ = {isa = PBXBuildFile; fileRef = DFDCB25920ACA4CE00C83082 /* LaunchScreen.storyboard */; };
		DFDCB26820ACA82A00C83082 /* LibraryTableViewCell.xib in Resources */ = {isa = PBXBuildFile; fileRef = DFDCB26720ACA82A00C83082 /* LibraryTableViewCell.xib */; };
		DFDCB26A20ACAA8200C83082 /* LibraryTableViewCell.swift in Sources */ = {isa = PBXBuildFile; fileRef = DFDCB26920ACAA8200C83082 /* LibraryTableViewCell.swift */; };
/* End PBXBuildFile section */

/* Begin PBXFileReference section */
		BD523FEA20AD5C1E0041729C /* LibraryList.json */ = {isa = PBXFileReference; fileEncoding = 4; lastKnownFileType = text.json; path = LibraryList.json; sourceTree = "<group>"; };
		BD523FF420AD602E0041729C /* ViewModel.swift */ = {isa = PBXFileReference; lastKnownFileType = sourcecode.swift; path = ViewModel.swift; sourceTree = "<group>"; };
		BD523FF620AD61530041729C /* Library.swift */ = {isa = PBXFileReference; lastKnownFileType = sourcecode.swift; path = Library.swift; sourceTree = "<group>"; };
		DF35672020B1DE730068E3D0 /* TableHeaderView.xib */ = {isa = PBXFileReference; lastKnownFileType = file.xib; path = TableHeaderView.xib; sourceTree = "<group>"; };
		DF35672220B1DECB0068E3D0 /* TableHeaderView.swift */ = {isa = PBXFileReference; lastKnownFileType = sourcecode.swift; path = TableHeaderView.swift; sourceTree = "<group>"; };
		DFDCB24D20ACA4CC00C83082 /* MVVMSample.app */ = {isa = PBXFileReference; explicitFileType = wrapper.application; includeInIndex = 0; path = MVVMSample.app; sourceTree = BUILT_PRODUCTS_DIR; };
		DFDCB25020ACA4CC00C83082 /* AppDelegate.swift */ = {isa = PBXFileReference; lastKnownFileType = sourcecode.swift; path = AppDelegate.swift; sourceTree = "<group>"; };
		DFDCB25220ACA4CC00C83082 /* ViewController.swift */ = {isa = PBXFileReference; lastKnownFileType = sourcecode.swift; path = ViewController.swift; sourceTree = "<group>"; };
		DFDCB25520ACA4CC00C83082 /* Base */ = {isa = PBXFileReference; lastKnownFileType = file.storyboard; name = Base; path = Base.lproj/Main.storyboard; sourceTree = "<group>"; };
		DFDCB25720ACA4CE00C83082 /* Assets.xcassets */ = {isa = PBXFileReference; lastKnownFileType = folder.assetcatalog; path = Assets.xcassets; sourceTree = "<group>"; };
		DFDCB25A20ACA4CE00C83082 /* Base */ = {isa = PBXFileReference; lastKnownFileType = file.storyboard; name = Base; path = Base.lproj/LaunchScreen.storyboard; sourceTree = "<group>"; };
		DFDCB25C20ACA4CE00C83082 /* Info.plist */ = {isa = PBXFileReference; lastKnownFileType = text.plist.xml; path = Info.plist; sourceTree = "<group>"; };
		DFDCB26720ACA82A00C83082 /* LibraryTableViewCell.xib */ = {isa = PBXFileReference; lastKnownFileType = file.xib; path = LibraryTableViewCell.xib; sourceTree = "<group>"; };
		DFDCB26920ACAA8200C83082 /* LibraryTableViewCell.swift */ = {isa = PBXFileReference; lastKnownFileType = sourcecode.swift; path = LibraryTableViewCell.swift; sourceTree = "<group>"; };
/* End PBXFileReference section */

/* Begin PBXFrameworksBuildPhase section */
		DFDCB24A20ACA4CC00C83082 /* Frameworks */ = {
			isa = PBXFrameworksBuildPhase;
			buildActionMask = 2147483647;
			files = (
			);
			runOnlyForDeploymentPostprocessing = 0;
		};
/* End PBXFrameworksBuildPhase section */

/* Begin PBXGroup section */
		BD523FEE20AD5C9E0041729C /* Model */ = {
			isa = PBXGroup;
			children = (
				BD523FF620AD61530041729C /* Library.swift */,
			);
			path = Model;
			sourceTree = "<group>";
		};
		BD523FF820AD61C70041729C /* ViewModel */ = {
			isa = PBXGroup;
			children = (
				BD523FF420AD602E0041729C /* ViewModel.swift */,
			);
			path = ViewModel;
			sourceTree = "<group>";
		};
		BD523FF920AD61EA0041729C /* View */ = {
			isa = PBXGroup;
			children = (
				DFDCB26220ACA56200C83082 /* UIViewController */,
				DFDCB26320ACA57300C83082 /* UITableViewCell */,
			);
			path = View;
			sourceTree = "<group>";
		};
		DFDCB24420ACA4CC00C83082 = {
			isa = PBXGroup;
			children = (
				DFDCB24F20ACA4CC00C83082 /* MVVMSample */,
				DFDCB24E20ACA4CC00C83082 /* Products */,
			);
			sourceTree = "<group>";
		};
		DFDCB24E20ACA4CC00C83082 /* Products */ = {
			isa = PBXGroup;
			children = (
				DFDCB24D20ACA4CC00C83082 /* MVVMSample.app */,
			);
			name = Products;
			sourceTree = "<group>";
		};
		DFDCB24F20ACA4CC00C83082 /* MVVMSample */ = {
			isa = PBXGroup;
			children = (
				BD523FEE20AD5C9E0041729C /* Model */,
				BD523FF920AD61EA0041729C /* View */,
				BD523FF820AD61C70041729C /* ViewModel */,
				DFDCB26520ACA58F00C83082 /* Assets */,
				DFDCB26420ACA58300C83082 /* Storyboard */,
				DFDCB25020ACA4CC00C83082 /* AppDelegate.swift */,
				DFDCB25C20ACA4CE00C83082 /* Info.plist */,
			);
			path = MVVMSample;
			sourceTree = "<group>";
		};
		DFDCB26220ACA56200C83082 /* UIViewController */ = {
			isa = PBXGroup;
			children = (
				DFDCB25220ACA4CC00C83082 /* ViewController.swift */,
			);
			path = UIViewController;
			sourceTree = "<group>";
		};
		DFDCB26320ACA57300C83082 /* UITableViewCell */ = {
			isa = PBXGroup;
			children = (
				DFDCB26720ACA82A00C83082 /* LibraryTableViewCell.xib */,
				DFDCB26920ACAA8200C83082 /* LibraryTableViewCell.swift */,
				DF35672020B1DE730068E3D0 /* TableHeaderView.xib */,
				DF35672220B1DECB0068E3D0 /* TableHeaderView.swift */,
			);
			path = UITableViewCell;
			sourceTree = "<group>";
		};
		DFDCB26420ACA58300C83082 /* Storyboard */ = {
			isa = PBXGroup;
			children = (
				DFDCB25920ACA4CE00C83082 /* LaunchScreen.storyboard */,
				DFDCB25420ACA4CC00C83082 /* Main.storyboard */,
			);
			path = Storyboard;
			sourceTree = "<group>";
		};
		DFDCB26520ACA58F00C83082 /* Assets */ = {
			isa = PBXGroup;
			children = (
				DFDCB25720ACA4CE00C83082 /* Assets.xcassets */,
				BD523FEA20AD5C1E0041729C /* LibraryList.json */,
			);
			path = Assets;
			sourceTree = "<group>";
		};
/* End PBXGroup section */

/* Begin PBXNativeTarget section */
		DFDCB24C20ACA4CC00C83082 /* MVVMSample */ = {
			isa = PBXNativeTarget;
			buildConfigurationList = DFDCB25F20ACA4CE00C83082 /* Build configuration list for PBXNativeTarget "MVVMSample" */;
			buildPhases = (
				DFDCB24920ACA4CC00C83082 /* Sources */,
				DFDCB24A20ACA4CC00C83082 /* Frameworks */,
				DFDCB24B20ACA4CC00C83082 /* Resources */,
			);
			buildRules = (
			);
			dependencies = (
			);
			name = MVVMSample;
			productName = MVVMSample;
			productReference = DFDCB24D20ACA4CC00C83082 /* MVVMSample.app */;
			productType = "com.apple.product-type.application";
		};
/* End PBXNativeTarget section */

/* Begin PBXProject section */
		DFDCB24520ACA4CC00C83082 /* Project object */ = {
			isa = PBXProject;
			attributes = {
				LastSwiftUpdateCheck = 0930;
				LastUpgradeCheck = 0930;
				ORGANIZATIONNAME = "Payal Gupta";
				TargetAttributes = {
					DFDCB24C20ACA4CC00C83082 = {
						CreatedOnToolsVersion = 9.3;
					};
				};
			};
			buildConfigurationList = DFDCB24820ACA4CC00C83082 /* Build configuration list for PBXProject "MVVMSample" */;
			compatibilityVersion = "Xcode 9.3";
			developmentRegion = en;
			hasScannedForEncodings = 0;
			knownRegions = (
				en,
				Base,
			);
			mainGroup = DFDCB24420ACA4CC00C83082;
			productRefGroup = DFDCB24E20ACA4CC00C83082 /* Products */;
			projectDirPath = "";
			projectRoot = "";
			targets = (
				DFDCB24C20ACA4CC00C83082 /* MVVMSample */,
			);
		};
/* End PBXProject section */

/* Begin PBXResourcesBuildPhase section */
		DFDCB24B20ACA4CC00C83082 /* Resources */ = {
			isa = PBXResourcesBuildPhase;
			buildActionMask = 2147483647;
			files = (
				DFDCB25B20ACA4CE00C83082 /* LaunchScreen.storyboard in Resources */,
				DFDCB25820ACA4CE00C83082 /* Assets.xcassets in Resources */,
				DFDCB26820ACA82A00C83082 /* LibraryTableViewCell.xib in Resources */,
				DFDCB25620ACA4CC00C83082 /* Main.storyboard in Resources */,
				DF35672120B1DE730068E3D0 /* TableHeaderView.xib in Resources */,
				BD523FEB20AD5C1E0041729C /* LibraryList.json in Resources */,
			);
			runOnlyForDeploymentPostprocessing = 0;
		};
/* End PBXResourcesBuildPhase section */

/* Begin PBXSourcesBuildPhase section */
		DFDCB24920ACA4CC00C83082 /* Sources */ = {
			isa = PBXSourcesBuildPhase;
			buildActionMask = 2147483647;
			files = (
				DF35672320B1DECB0068E3D0 /* TableHeaderView.swift in Sources */,
				BD523FF520AD602E0041729C /* ViewModel.swift in Sources */,
				BD523FF720AD61530041729C /* Library.swift in Sources */,
				DFDCB26A20ACAA8200C83082 /* LibraryTableViewCell.swift in Sources */,
				DFDCB25320ACA4CC00C83082 /* ViewController.swift in Sources */,
				DFDCB25120ACA4CC00C83082 /* AppDelegate.swift in Sources */,
			);
			runOnlyForDeploymentPostprocessing = 0;
		};
/* End PBXSourcesBuildPhase section */

/* Begin PBXVariantGroup section */
		DFDCB25420ACA4CC00C83082 /* Main.storyboard */ = {
			isa = PBXVariantGroup;
			children = (
				DFDCB25520ACA4CC00C83082 /* Base */,
			);
			name = Main.storyboard;
			sourceTree = "<group>";
		};
		DFDCB25920ACA4CE00C83082 /* LaunchScreen.storyboard */ = {
			isa = PBXVariantGroup;
			children = (
				DFDCB25A20ACA4CE00C83082 /* Base */,
			);
			name = LaunchScreen.storyboard;
			sourceTree = "<group>";
		};
/* End PBXVariantGroup section */

/* Begin XCBuildConfiguration section */
		DFDCB25D20ACA4CE00C83082 /* Debug */ = {
			isa = XCBuildConfiguration;
			buildSettings = {
				ALWAYS_SEARCH_USER_PATHS = NO;
				CLANG_ANALYZER_NONNULL = YES;
				CLANG_ANALYZER_NUMBER_OBJECT_CONVERSION = YES_AGGRESSIVE;
				CLANG_CXX_LANGUAGE_STANDARD = "gnu++14";
				CLANG_CXX_LIBRARY = "libc++";
				CLANG_ENABLE_MODULES = YES;
				CLANG_ENABLE_OBJC_ARC = YES;
				CLANG_ENABLE_OBJC_WEAK = YES;
				CLANG_WARN_BLOCK_CAPTURE_AUTORELEASING = YES;
				CLANG_WARN_BOOL_CONVERSION = YES;
				CLANG_WARN_COMMA = YES;
				CLANG_WARN_CONSTANT_CONVERSION = YES;
				CLANG_WARN_DEPRECATED_OBJC_IMPLEMENTATIONS = YES;
				CLANG_WARN_DIRECT_OBJC_ISA_USAGE = YES_ERROR;
				CLANG_WARN_DOCUMENTATION_COMMENTS = YES;
				CLANG_WARN_EMPTY_BODY = YES;
				CLANG_WARN_ENUM_CONVERSION = YES;
				CLANG_WARN_INFINITE_RECURSION = YES;
				CLANG_WARN_INT_CONVERSION = YES;
				CLANG_WARN_NON_LITERAL_NULL_CONVERSION = YES;
				CLANG_WARN_OBJC_IMPLICIT_RETAIN_SELF = YES;
				CLANG_WARN_OBJC_LITERAL_CONVERSION = YES;
				CLANG_WARN_OBJC_ROOT_CLASS = YES_ERROR;
				CLANG_WARN_RANGE_LOOP_ANALYSIS = YES;
				CLANG_WARN_STRICT_PROTOTYPES = YES;
				CLANG_WARN_SUSPICIOUS_MOVE = YES;
				CLANG_WARN_UNGUARDED_AVAILABILITY = YES_AGGRESSIVE;
				CLANG_WARN_UNREACHABLE_CODE = YES;
				CLANG_WARN__DUPLICATE_METHOD_MATCH = YES;
				CODE_SIGN_IDENTITY = "iPhone Developer";
				COPY_PHASE_STRIP = NO;
				DEBUG_INFORMATION_FORMAT = dwarf;
				ENABLE_STRICT_OBJC_MSGSEND = YES;
				ENABLE_TESTABILITY = YES;
				GCC_C_LANGUAGE_STANDARD = gnu11;
				GCC_DYNAMIC_NO_PIC = NO;
				GCC_NO_COMMON_BLOCKS = YES;
				GCC_OPTIMIZATION_LEVEL = 0;
				GCC_PREPROCESSOR_DEFINITIONS = (
					"DEBUG=1",
					"$(inherited)",
				);
				GCC_WARN_64_TO_32_BIT_CONVERSION = YES;
				GCC_WARN_ABOUT_RETURN_TYPE = YES_ERROR;
				GCC_WARN_UNDECLARED_SELECTOR = YES;
				GCC_WARN_UNINITIALIZED_AUTOS = YES_AGGRESSIVE;
				GCC_WARN_UNUSED_FUNCTION = YES;
				GCC_WARN_UNUSED_VARIABLE = YES;
				IPHONEOS_DEPLOYMENT_TARGET = 11.3;
				MTL_ENABLE_DEBUG_INFO = YES;
				ONLY_ACTIVE_ARCH = YES;
				SDKROOT = iphoneos;
				SWIFT_ACTIVE_COMPILATION_CONDITIONS = DEBUG;
				SWIFT_OPTIMIZATION_LEVEL = "-Onone";
			};
			name = Debug;
		};
		DFDCB25E20ACA4CE00C83082 /* Release */ = {
			isa = XCBuildConfiguration;
			buildSettings = {
				ALWAYS_SEARCH_USER_PATHS = NO;
				CLANG_ANALYZER_NONNULL = YES;
				CLANG_ANALYZER_NUMBER_OBJECT_CONVERSION = YES_AGGRESSIVE;
				CLANG_CXX_LANGUAGE_STANDARD = "gnu++14";
				CLANG_CXX_LIBRARY = "libc++";
				CLANG_ENABLE_MODULES = YES;
				CLANG_ENABLE_OBJC_ARC = YES;
				CLANG_ENABLE_OBJC_WEAK = YES;
				CLANG_WARN_BLOCK_CAPTURE_AUTORELEASING = YES;
				CLANG_WARN_BOOL_CONVERSION = YES;
				CLANG_WARN_COMMA = YES;
				CLANG_WARN_CONSTANT_CONVERSION = YES;
				CLANG_WARN_DEPRECATED_OBJC_IMPLEMENTATIONS = YES;
				CLANG_WARN_DIRECT_OBJC_ISA_USAGE = YES_ERROR;
				CLANG_WARN_DOCUMENTATION_COMMENTS = YES;
				CLANG_WARN_EMPTY_BODY = YES;
				CLANG_WARN_ENUM_CONVERSION = YES;
				CLANG_WARN_INFINITE_RECURSION = YES;
				CLANG_WARN_INT_CONVERSION = YES;
				CLANG_WARN_NON_LITERAL_NULL_CONVERSION = YES;
				CLANG_WARN_OBJC_IMPLICIT_RETAIN_SELF = YES;
				CLANG_WARN_OBJC_LITERAL_CONVERSION = YES;
				CLANG_WARN_OBJC_ROOT_CLASS = YES_ERROR;
				CLANG_WARN_RANGE_LOOP_ANALYSIS = YES;
				CLANG_WARN_STRICT_PROTOTYPES = YES;
				CLANG_WARN_SUSPICIOUS_MOVE = YES;
				CLANG_WARN_UNGUARDED_AVAILABILITY = YES_AGGRESSIVE;
				CLANG_WARN_UNREACHABLE_CODE = YES;
				CLANG_WARN__DUPLICATE_METHOD_MATCH = YES;
				CODE_SIGN_IDENTITY = "iPhone Developer";
				COPY_PHASE_STRIP = NO;
				DEBUG_INFORMATION_FORMAT = "dwarf-with-dsym";
				ENABLE_NS_ASSERTIONS = NO;
				ENABLE_STRICT_OBJC_MSGSEND = YES;
				GCC_C_LANGUAGE_STANDARD = gnu11;
				GCC_NO_COMMON_BLOCKS = YES;
				GCC_WARN_64_TO_32_BIT_CONVERSION = YES;
				GCC_WARN_ABOUT_RETURN_TYPE = YES_ERROR;
				GCC_WARN_UNDECLARED_SELECTOR = YES;
				GCC_WARN_UNINITIALIZED_AUTOS = YES_AGGRESSIVE;
				GCC_WARN_UNUSED_FUNCTION = YES;
				GCC_WARN_UNUSED_VARIABLE = YES;
				IPHONEOS_DEPLOYMENT_TARGET = 11.3;
				MTL_ENABLE_DEBUG_INFO = NO;
				SDKROOT = iphoneos;
				SWIFT_COMPILATION_MODE = wholemodule;
				SWIFT_OPTIMIZATION_LEVEL = "-O";
				VALIDATE_PRODUCT = YES;
			};
			name = Release;
		};
		DFDCB26020ACA4CE00C83082 /* Debug */ = {
			isa = XCBuildConfiguration;
			buildSettings = {
				ASSETCATALOG_COMPILER_APPICON_NAME = AppIcon;
				CODE_SIGN_STYLE = Automatic;
				INFOPLIST_FILE = MVVMSample/Info.plist;
				LD_RUNPATH_SEARCH_PATHS = (
					"$(inherited)",
					"@executable_path/Frameworks",
				);
				PRODUCT_BUNDLE_IDENTIFIER = com.payal.MVVMSample;
				PRODUCT_NAME = "$(TARGET_NAME)";
				SWIFT_VERSION = 4.0;
				TARGETED_DEVICE_FAMILY = "1,2";
			};
			name = Debug;
		};
		DFDCB26120ACA4CE00C83082 /* Release */ = {
			isa = XCBuildConfiguration;
			buildSettings = {
				ASSETCATALOG_COMPILER_APPICON_NAME = AppIcon;
				CODE_SIGN_STYLE = Automatic;
				INFOPLIST_FILE = MVVMSample/Info.plist;
				LD_RUNPATH_SEARCH_PATHS = (
					"$(inherited)",
					"@executable_path/Frameworks",
				);
				PRODUCT_BUNDLE_IDENTIFIER = com.payal.MVVMSample;
				PRODUCT_NAME = "$(TARGET_NAME)";
				SWIFT_VERSION = 4.0;
				TARGETED_DEVICE_FAMILY = "1,2";
			};
			name = Release;
		};
/* End XCBuildConfiguration section */

/* Begin XCConfigurationList section */
		DFDCB24820ACA4CC00C83082 /* Build configuration list for PBXProject "MVVMSample" */ = {
			isa = XCConfigurationList;
			buildConfigurations = (
				DFDCB25D20ACA4CE00C83082 /* Debug */,
				DFDCB25E20ACA4CE00C83082 /* Release */,
			);
			defaultConfigurationIsVisible = 0;
			defaultConfigurationName = Release;
		};
		DFDCB25F20ACA4CE00C83082 /* Build configuration list for PBXNativeTarget "MVVMSample" */ = {
			isa = XCConfigurationList;
			buildConfigurations = (
				DFDCB26020ACA4CE00C83082 /* Debug */,
				DFDCB26120ACA4CE00C83082 /* Release */,
			);
			defaultConfigurationIsVisible = 0;
			defaultConfigurationName = Release;
		};
/* End XCConfigurationList section */
	};
	rootObject = DFDCB24520ACA4CC00C83082 /* Project object */;
}
